
Microsoft Visual Studio Solution File, Format Version 12.00
# Visual Studio Version 17
VisualStudioVersion = 17.0.31903.59
MinimumVisualStudioVersion = 10.0.40219.1
Project("{2150E333-8FDC-42A3-9474-1A3956D46DE8}") = "dotnet", "dotnet", "{71E6E750-85FD-B5BC-4321-E01377EC6231}"
EndProject
Project("{FAE04EC0-301F-11D3-BF4B-00C04F79EFBC}") = "NetFence.Core", "dotnet\NetFence.Core\NetFence.Core.csproj", "{FAC37233-BBB3-4FF6-86E0-B23430D72320}"
EndProject
Project("{FAE04EC0-301F-11D3-BF4B-00C04F79EFBC}") = "NetFence.Core.Tests", "dotnet\NetFence.Core.Tests\NetFence.Core.Tests.csproj", "{66C57319-B0CE-494B-BA6E-1583992E1700}"
EndProject
Project("{FAE04EC0-301F-11D3-BF4B-00C04F79EFBC}") = "NetFence.App", "dotnet\NetFence.App\NetFence.App.csproj", "{D01BC27C-5BF8-4995-AC9B-B977E9138B71}"
EndProject
Global
	GlobalSection(SolutionConfigurationPlatforms) = preSolution
		Debug|Any CPU = Debug|Any CPU
		Debug|x64 = Debug|x64
		Debug|x86 = Debug|x86
		Release|Any CPU = Release|Any CPU
		Release|x64 = Release|x64
		Release|x86 = Release|x86
	EndGlobalSection
	GlobalSection(ProjectConfigurationPlatforms) = postSolution
		{FAC37233-BBB3-4FF6-86E0-B23430D72320}.Debug|Any CPU.ActiveCfg = Debug|Any CPU
		{FAC37233-BBB3-4FF6-86E0-B23430D72320}.Debug|Any CPU.Build.0 = Debug|Any CPU
		{FAC37233-BBB3-4FF6-86E0-B23430D72320}.Debug|x64.ActiveCfg = Debug|Any CPU
		{FAC37233-BBB3-4FF6-86E0-B23430D72320}.Debug|x64.Build.0 = Debug|Any CPU
		{FAC37233-BBB3-4FF6-86E0-B23430D72320}.Debug|x86.ActiveCfg = Debug|Any CPU
		{FAC37233-BBB3-4FF6-86E0-B23430D72320}.Debug|x86.Build.0 = Debug|Any CPU
		{FAC37233-BBB3-4FF6-86E0-B23430D72320}.Release|Any CPU.ActiveCfg = Release|Any CPU
		{FAC37233-BBB3-4FF6-86E0-B23430D72320}.Release|Any CPU.Build.0 = Release|Any CPU
		{FAC37233-BBB3-4FF6-86E0-B23430D72320}.Release|x64.ActiveCfg = Release|Any CPU
		{FAC37233-BBB3-4FF6-86E0-B23430D72320}.Release|x64.Build.0 = Release|Any CPU
		{FAC37233-BBB3-4FF6-86E0-B23430D72320}.Release|x86.ActiveCfg = Release|Any CPU
		{FAC37233-BBB3-4FF6-86E0-B23430D72320}.Release|x86.Build.0 = Release|Any CPU
		{66C57319-B0CE-494B-BA6E-1583992E1700}.Debug|Any CPU.ActiveCfg = Debug|Any CPU
		{66C57319-B0CE-494B-BA6E-1583992E1700}.Debug|Any CPU.Build.0 = Debug|Any CPU
		{66C57319-B0CE-494B-BA6E-1583992E1700}.Debug|x64.ActiveCfg = Debug|Any CPU
		{66C57319-B0CE-494B-BA6E-1583992E1700}.Debug|x64.Build.0 = Debug|Any CPU
		{66C57319-B0CE-494B-BA6E-1583992E1700}.Debug|x86.ActiveCfg = Debug|Any CPU
		{66C57319-B0CE-494B-BA6E-1583992E1700}.Debug|x86.Build.0 = Debug|Any CPU
		{66C57319-B0CE-494B-BA6E-1583992E1700}.Release|Any CPU.ActiveCfg = Release|Any CPU
		{66C57319-B0CE-494B-BA6E-1583992E1700}.Release|Any CPU.Build.0 = Release|Any CPU
		{66C57319-B0CE-494B-BA6E-1583992E1700}.Release|x64.ActiveCfg = Release|Any CPU
		{66C57319-B0CE-494B-BA6E-1583992E1700}.Release|x64.Build.0 = Release|Any CPU
		{66C57319-B0CE-494B-BA6E-1583992E1700}.Release|x86.ActiveCfg = Release|Any CPU
		{66C57319-B0CE-494B-BA6E-1583992E1700}.Release|x86.Build.0 = Release|Any CPU
		{D01BC27C-5BF8-4995-AC9B-B977E9138B71}.Debug|Any CPU.ActiveCfg = Debug|Any CPU
		{D01BC27C-5BF8-4995-AC9B-B977E9138B71}.Debug|Any CPU.Build.0 = Debug|Any CPU
		{D01BC27C-5BF8-4995-AC9B-B977E9138B71}.Debug|x64.ActiveCfg = Debug|Any CPU
		{D01BC27C-5BF8-4995-AC9B-B977E9138B71}.Debug|x64.Build.0 = Debug|Any CPU
		{D01BC27C-5BF8-4995-AC9B-B977E9138B71}.Debug|x86.ActiveCfg = Debug|Any CPU
		{D01BC27C-5BF8-4995-AC9B-B977E9138B71}.Debug|x86.Build.0 = Debug|Any CPU
		{D01BC27C-5BF8-4995-AC9B-B977E9138B71}.Release|Any CPU.ActiveCfg = Release|Any CPU
		{D01BC27C-5BF8-4995-AC9B-B977E9138B71}.Release|Any CPU.Build.0 = Release|Any CPU
		{D01BC27C-5BF8-4995-AC9B-B977E9138B71}.Release|x64.ActiveCfg = Release|Any CPU
		{D01BC27C-5BF8-4995-AC9B-B977E9138B71}.Release|x64.Build.0 = Release|Any CPU
		{D01BC27C-5BF8-4995-AC9B-B977E9138B71}.Release|x86.ActiveCfg = Release|Any CPU
		{D01BC27C-5BF8-4995-AC9B-B977E9138B71}.Release|x86.Build.0 = Release|Any CPU
	EndGlobalSection
	GlobalSection(SolutionProperties) = preSolution
		HideSolutionNode = FALSE
	EndGlobalSection
	GlobalSection(NestedProjects) = preSolution
		{FAC37233-BBB3-4FF6-86E0-B23430D72320} = {71E6E750-85FD-B5BC-4321-E01377EC6231}
		{66C57319-B0CE-494B-BA6E-1583992E1700} = {71E6E750-85FD-B5BC-4321-E01377EC6231}
		{D01BC27C-5BF8-4995-AC9B-B977E9138B71} = {71E6E750-85FD-B5BC-4321-E01377EC6231}
	EndGlobalSection
EndGlobal
